
Microsoft Visual Studio Solution File, Format Version 12.00
# Visual Studio Version 17
VisualStudioVersion = 17.14.36109.1 d17.14
MinimumVisualStudioVersion = 10.0.40219.1
Project("{FAE04EC0-301F-11D3-BF4B-00C04F79EFBC}") = "TruckDelivery", "TruckDelivery\TruckDelivery.csproj", "{21658095-7678-4609-AB28-9C9A026FEF96}"
EndProject
Project("{FAE04EC0-301F-11D3-BF4B-00C04F79EFBC}") = "TruckDelivery.Infrastructure", "TruckDelivery.Infrastructure\TruckDelivery.Infrastructure.csproj", "{F644AF14-87C6-4B15-86CF-B04D1BC15F5C}"
EndProject
Global
	GlobalSection(SolutionConfigurationPlatforms) = preSolution
		Debug|Any CPU = Debug|Any CPU
		Release|Any CPU = Release|Any CPU
	EndGlobalSection
	GlobalSection(ProjectConfigurationPlatforms) = postSolution
		{21658095-7678-4609-AB28-9C9A026FEF96}.Debug|Any CPU.ActiveCfg = Debug|Any CPU
		{21658095-7678-4609-AB28-9C9A026FEF96}.Debug|Any CPU.Build.0 = Debug|Any CPU
		{21658095-7678-4609-AB28-9C9A026FEF96}.Release|Any CPU.ActiveCfg = Release|Any CPU
		{21658095-7678-4609-AB28-9C9A026FEF96}.Release|Any CPU.Build.0 = Release|Any CPU
		{F644AF14-87C6-4B15-86CF-B04D1BC15F5C}.Debug|Any CPU.ActiveCfg = Debug|Any CPU
		{F644AF14-87C6-4B15-86CF-B04D1BC15F5C}.Debug|Any CPU.Build.0 = Debug|Any CPU
		{F644AF14-87C6-4B15-86CF-B04D1BC15F5C}.Release|Any CPU.ActiveCfg = Release|Any CPU
		{F644AF14-87C6-4B15-86CF-B04D1BC15F5C}.Release|Any CPU.Build.0 = Release|Any CPU
	EndGlobalSection
	GlobalSection(SolutionProperties) = preSolution
		HideSolutionNode = FALSE
	EndGlobalSection
	GlobalSection(ExtensibilityGlobals) = postSolution
		SolutionGuid = {D9E5BCB1-BB9A-4AF1-92BC-B1AC71EE4EB0}
	EndGlobalSection
EndGlobal
